
Microsoft Visual Studio Solution File, Format Version 12.00
# Visual Studio Version 16
VisualStudioVersion = 16.0.29728.190
MinimumVisualStudioVersion = 10.0.40219.1
Project("{FAE04EC0-301F-11D3-BF4B-00C04F79EFBC}") = "WorkshopExample", "WorkshopExample.csproj", "{A029B8A9-16FB-4BEE-8719-D212B9C1920E}"
EndProject
Global
	GlobalSection(SolutionConfigurationPlatforms) = preSolution
		Debug|Any CPU = Debug|Any CPU
		Release|Any CPU = Release|Any CPU
	EndGlobalSection
	GlobalSection(ProjectConfigurationPlatforms) = postSolution
		{A029B8A9-16FB-4BEE-8719-D212B9C1920E}.Debug|Any CPU.ActiveCfg = Debug|Any CPU
		{A029B8A9-16FB-4BEE-8719-D212B9C1920E}.Debug|Any CPU.Build.0 = Debug|Any CPU
		{A029B8A9-16FB-4BEE-8719-D212B9C1920E}.Release|Any CPU.ActiveCfg = Release|Any CPU
		{A029B8A9-16FB-4BEE-8719-D212B9C1920E}.Release|Any CPU.Build.0 = Release|Any CPU
	EndGlobalSection
	GlobalSection(SolutionProperties) = preSolution
		HideSolutionNode = FALSE
	EndGlobalSection
	GlobalSection(ExtensibilityGlobals) = postSolution
		SolutionGuid = {77B12062-81A4-4738-B4F2-0F0A50C8BD16}
	EndGlobalSection
EndGlobal
